{
    "name": "hello",
    "lockfileVersion": 2,
    "requires": true,
    "packages": {
        "": {
            "dependencies": {
                "azle": "0.16.0",
                "internetbase-sql": "file:../ibase_sql"
            }
        },
        "../ibase_sql": {
            "name": "internetbase-sql",
            "version": "1.0.3",
            "license": "ISC",
            "peerDependencies": {
                "azle": "^0.16.0"
            }
        },
        "../ibase_sql/node_modules/@cspotcode/source-map-consumer": {
            "version": "0.8.0",
            "license": "BSD-3-Clause",
            "peer": true,
            "engines": {
                "node": ">= 12"
            }
        },
        "../ibase_sql/node_modules/@cspotcode/source-map-support": {
            "version": "0.7.0",
            "license": "MIT",
            "peer": true,
            "dependencies": {
                "@cspotcode/source-map-consumer": "0.8.0"
            },
            "engines": {
                "node": ">=12"
            }
        },
        "../ibase_sql/node_modules/@dfinity/principal": {
            "version": "0.11.2",
            "license": "Apache-2.0",
            "peer": true
        },
        "../ibase_sql/node_modules/@swc/core": {
            "version": "1.2.151",
            "license": "Apache-2.0",
            "peer": true,
            "bin": {
                "swcx": "run_swcx.js"
            },
            "engines": {
                "node": ">=10"
            },
            "funding": {
                "type": "opencollective",
                "url": "https://opencollective.com/swc"
            },
            "optionalDependencies": {
                "@swc/core-android-arm-eabi": "1.2.151",
                "@swc/core-android-arm64": "1.2.151",
                "@swc/core-darwin-arm64": "1.2.151",
                "@swc/core-darwin-x64": "1.2.151",
                "@swc/core-freebsd-x64": "1.2.151",
                "@swc/core-linux-arm-gnueabihf": "1.2.151",
                "@swc/core-linux-arm64-gnu": "1.2.151",
                "@swc/core-linux-arm64-musl": "1.2.151",
                "@swc/core-linux-x64-gnu": "1.2.151",
                "@swc/core-linux-x64-musl": "1.2.151",
                "@swc/core-win32-arm64-msvc": "1.2.151",
                "@swc/core-win32-ia32-msvc": "1.2.151",
                "@swc/core-win32-x64-msvc": "1.2.151"
            }
        },
        "../ibase_sql/node_modules/@swc/core-linux-x64-gnu": {
            "version": "1.2.151",
            "cpu": [
                "x64"
            ],
            "license": "Apache-2.0 AND MIT",
            "optional": true,
            "os": [
                "linux"
            ],
            "peer": true,
            "engines": {
                "node": ">=10"
            }
        },
        "../ibase_sql/node_modules/@swc/core-linux-x64-musl": {
            "version": "1.2.151",
            "cpu": [
                "x64"
            ],
            "license": "Apache-2.0 AND MIT",
            "optional": true,
            "os": [
                "linux"
            ],
            "peer": true,
            "engines": {
                "node": ">=10"
            }
        },
        "../ibase_sql/node_modules/@tsconfig/node10": {
            "version": "1.0.9",
            "license": "MIT",
            "peer": true
        },
        "../ibase_sql/node_modules/@tsconfig/node12": {
            "version": "1.0.11",
            "license": "MIT",
            "peer": true
        },
        "../ibase_sql/node_modules/@tsconfig/node14": {
            "version": "1.0.3",
            "license": "MIT",
            "peer": true
        },
        "../ibase_sql/node_modules/@tsconfig/node16": {
            "version": "1.0.3",
            "license": "MIT",
            "peer": true
        },
        "../ibase_sql/node_modules/@types/node": {
            "version": "18.16.0",
            "license": "MIT",
            "peer": true
        },
        "../ibase_sql/node_modules/acorn": {
            "version": "8.8.2",
            "license": "MIT",
            "peer": true,
            "bin": {
                "acorn": "bin/acorn"
            },
            "engines": {
                "node": ">=0.4.0"
            }
        },
        "../ibase_sql/node_modules/acorn-walk": {
            "version": "8.2.0",
            "license": "MIT",
            "peer": true,
            "engines": {
                "node": ">=0.4.0"
            }
        },
        "../ibase_sql/node_modules/arg": {
            "version": "4.1.3",
            "license": "MIT",
            "peer": true
        },
        "../ibase_sql/node_modules/azle": {
            "version": "0.16.0-rc.0",
            "license": "MIT",
            "peer": true,
            "dependencies": {
                "@dfinity/principal": "0.11.2",
                "@swc/core": "1.2.151",
                "azle-syn": "0.0.0",
                "esbuild": "0.14.25",
                "fs-extra": "10.0.1",
                "js-sha256": "0.9.0",
                "ts-node": "10.3.1",
                "typescript": "4.4.4"
            },
            "bin": {
                "azle": "bin.js"
            }
        },
        "../ibase_sql/node_modules/azle-syn": {
            "version": "0.0.0",
            "peer": true
        },
        "../ibase_sql/node_modules/create-require": {
            "version": "1.1.1",
            "license": "MIT",
            "peer": true
        },
        "../ibase_sql/node_modules/diff": {
            "version": "4.0.2",
            "license": "BSD-3-Clause",
            "peer": true,
            "engines": {
                "node": ">=0.3.1"
            }
        },
        "../ibase_sql/node_modules/esbuild": {
            "version": "0.14.25",
            "hasInstallScript": true,
            "license": "MIT",
            "peer": true,
            "bin": {
                "esbuild": "bin/esbuild"
            },
            "engines": {
                "node": ">=12"
            },
            "optionalDependencies": {
                "esbuild-android-64": "0.14.25",
                "esbuild-android-arm64": "0.14.25",
                "esbuild-darwin-64": "0.14.25",
                "esbuild-darwin-arm64": "0.14.25",
                "esbuild-freebsd-64": "0.14.25",
                "esbuild-freebsd-arm64": "0.14.25",
                "esbuild-linux-32": "0.14.25",
                "esbuild-linux-64": "0.14.25",
                "esbuild-linux-arm": "0.14.25",
                "esbuild-linux-arm64": "0.14.25",
                "esbuild-linux-mips64le": "0.14.25",
                "esbuild-linux-ppc64le": "0.14.25",
                "esbuild-linux-riscv64": "0.14.25",
                "esbuild-linux-s390x": "0.14.25",
                "esbuild-netbsd-64": "0.14.25",
                "esbuild-openbsd-64": "0.14.25",
                "esbuild-sunos-64": "0.14.25",
                "esbuild-windows-32": "0.14.25",
                "esbuild-windows-64": "0.14.25",
                "esbuild-windows-arm64": "0.14.25"
            }
        },
        "../ibase_sql/node_modules/esbuild-linux-64": {
            "version": "0.14.25",
            "cpu": [
                "x64"
            ],
            "license": "MIT",
            "optional": true,
            "os": [
                "linux"
            ],
            "peer": true,
            "engines": {
                "node": ">=12"
            }
        },
        "../ibase_sql/node_modules/fs-extra": {
            "version": "10.0.1",
            "license": "MIT",
            "peer": true,
            "dependencies": {
                "graceful-fs": "^4.2.0",
                "jsonfile": "^6.0.1",
                "universalify": "^2.0.0"
            },
            "engines": {
                "node": ">=12"
            }
        },
        "../ibase_sql/node_modules/graceful-fs": {
            "version": "4.2.11",
            "license": "ISC",
            "peer": true
        },
        "../ibase_sql/node_modules/js-sha256": {
            "version": "0.9.0",
            "license": "MIT",
            "peer": true
        },
        "../ibase_sql/node_modules/jsonfile": {
            "version": "6.1.0",
            "license": "MIT",
            "peer": true,
            "dependencies": {
                "universalify": "^2.0.0"
            },
            "optionalDependencies": {
                "graceful-fs": "^4.1.6"
            }
        },
        "../ibase_sql/node_modules/make-error": {
            "version": "1.3.6",
            "license": "ISC",
            "peer": true
        },
        "../ibase_sql/node_modules/ts-node": {
            "version": "10.3.1",
            "license": "MIT",
            "peer": true,
            "dependencies": {
                "@cspotcode/source-map-support": "0.7.0",
                "@tsconfig/node10": "^1.0.7",
                "@tsconfig/node12": "^1.0.7",
                "@tsconfig/node14": "^1.0.0",
                "@tsconfig/node16": "^1.0.2",
                "acorn": "^8.4.1",
                "acorn-walk": "^8.1.1",
                "arg": "^4.1.0",
                "create-require": "^1.1.0",
                "diff": "^4.0.1",
                "make-error": "^1.1.1",
                "yn": "3.1.1"
            },
            "bin": {
                "ts-node": "dist/bin.js",
                "ts-node-cwd": "dist/bin-cwd.js",
                "ts-node-script": "dist/bin-script.js",
                "ts-node-transpile-only": "dist/bin-transpile.js",
                "ts-script": "dist/bin-script-deprecated.js"
            },
            "peerDependencies": {
                "@swc/core": ">=1.2.50",
                "@swc/wasm": ">=1.2.50",
                "@types/node": "*",
                "typescript": ">=2.7"
            },
            "peerDependenciesMeta": {
                "@swc/core": {
                    "optional": true
                },
                "@swc/wasm": {
                    "optional": true
                }
            }
        },
        "../ibase_sql/node_modules/typescript": {
            "version": "4.4.4",
            "license": "Apache-2.0",
            "peer": true,
            "bin": {
                "tsc": "bin/tsc",
                "tsserver": "bin/tsserver"
            },
            "engines": {
                "node": ">=4.2.0"
            }
        },
        "../ibase_sql/node_modules/universalify": {
            "version": "2.0.0",
            "license": "MIT",
            "peer": true,
            "engines": {
                "node": ">= 10.0.0"
            }
        },
        "../ibase_sql/node_modules/yn": {
            "version": "3.1.1",
            "license": "MIT",
            "peer": true,
            "engines": {
                "node": ">=6"
            }
        },
        "node_modules/@cspotcode/source-map-consumer": {
            "version": "0.8.0",
            "license": "BSD-3-Clause",
            "engines": {
                "node": ">= 12"
            }
        },
        "node_modules/@cspotcode/source-map-support": {
            "version": "0.7.0",
            "license": "MIT",
            "dependencies": {
                "@cspotcode/source-map-consumer": "0.8.0"
            },
            "engines": {
                "node": ">=12"
            }
        },
        "node_modules/@dfinity/principal": {
            "version": "0.11.2",
            "license": "Apache-2.0"
        },
        "node_modules/@swc/core": {
            "version": "1.2.151",
            "license": "Apache-2.0",
            "bin": {
                "swcx": "run_swcx.js"
            },
            "engines": {
                "node": ">=10"
            },
            "funding": {
                "type": "opencollective",
                "url": "https://opencollective.com/swc"
            },
            "optionalDependencies": {
                "@swc/core-android-arm-eabi": "1.2.151",
                "@swc/core-android-arm64": "1.2.151",
                "@swc/core-darwin-arm64": "1.2.151",
                "@swc/core-darwin-x64": "1.2.151",
                "@swc/core-freebsd-x64": "1.2.151",
                "@swc/core-linux-arm-gnueabihf": "1.2.151",
                "@swc/core-linux-arm64-gnu": "1.2.151",
                "@swc/core-linux-arm64-musl": "1.2.151",
                "@swc/core-linux-x64-gnu": "1.2.151",
                "@swc/core-linux-x64-musl": "1.2.151",
                "@swc/core-win32-arm64-msvc": "1.2.151",
                "@swc/core-win32-ia32-msvc": "1.2.151",
                "@swc/core-win32-x64-msvc": "1.2.151"
            }
        },
        "node_modules/@swc/core-linux-x64-gnu": {
            "version": "1.2.151",
            "cpu": [
                "x64"
            ],
            "license": "Apache-2.0 AND MIT",
            "optional": true,
            "os": [
                "linux"
            ],
            "engines": {
                "node": ">=10"
            }
        },
        "node_modules/@swc/core-linux-x64-musl": {
            "version": "1.2.151",
            "cpu": [
                "x64"
            ],
            "license": "Apache-2.0 AND MIT",
            "optional": true,
            "os": [
                "linux"
            ],
            "engines": {
                "node": ">=10"
            }
        },
        "node_modules/@tsconfig/node10": {
            "version": "1.0.9",
            "license": "MIT"
        },
        "node_modules/@tsconfig/node12": {
            "version": "1.0.11",
            "license": "MIT"
        },
        "node_modules/@tsconfig/node14": {
            "version": "1.0.3",
            "license": "MIT"
        },
        "node_modules/@tsconfig/node16": {
            "version": "1.0.3",
            "license": "MIT"
        },
        "node_modules/@types/node": {
            "version": "18.15.11",
            "license": "MIT",
            "peer": true
        },
        "node_modules/acorn": {
            "version": "8.8.2",
            "license": "MIT",
            "bin": {
                "acorn": "bin/acorn"
            },
            "engines": {
                "node": ">=0.4.0"
            }
        },
        "node_modules/acorn-walk": {
            "version": "8.2.0",
            "license": "MIT",
            "engines": {
                "node": ">=0.4.0"
            }
        },
        "node_modules/arg": {
            "version": "4.1.3",
            "license": "MIT"
        },
        "node_modules/azle": {
            "version": "0.16.0",
            "resolved": "https://registry.npmjs.org/azle/-/azle-0.16.0.tgz",
            "integrity": "sha512-uJyNVuVULr8g8lFUEEix61iXYNlK40n1O3+noXkOyo/S2SMzEQMI7PSGSdBBbKJOzijvsV4dOfe+v+tgzOvnJQ==",
            "dependencies": {
                "@dfinity/principal": "0.11.2",
                "@swc/core": "1.2.151",
                "azle-syn": "0.0.0",
                "esbuild": "0.14.25",
                "fs-extra": "10.0.1",
                "js-sha256": "0.9.0",
                "ts-node": "10.3.1",
                "typescript": "4.4.4"
            },
            "bin": {
                "azle": "bin.js"
            }
        },
        "node_modules/azle-syn": {
            "version": "0.0.0"
        },
        "node_modules/create-require": {
            "version": "1.1.1",
            "license": "MIT"
        },
        "node_modules/diff": {
            "version": "4.0.2",
            "license": "BSD-3-Clause",
            "engines": {
                "node": ">=0.3.1"
            }
        },
        "node_modules/esbuild": {
            "version": "0.14.25",
            "hasInstallScript": true,
            "license": "MIT",
            "bin": {
                "esbuild": "bin/esbuild"
            },
            "engines": {
                "node": ">=12"
            },
            "optionalDependencies": {
                "esbuild-android-64": "0.14.25",
                "esbuild-android-arm64": "0.14.25",
                "esbuild-darwin-64": "0.14.25",
                "esbuild-darwin-arm64": "0.14.25",
                "esbuild-freebsd-64": "0.14.25",
                "esbuild-freebsd-arm64": "0.14.25",
                "esbuild-linux-32": "0.14.25",
                "esbuild-linux-64": "0.14.25",
                "esbuild-linux-arm": "0.14.25",
                "esbuild-linux-arm64": "0.14.25",
                "esbuild-linux-mips64le": "0.14.25",
                "esbuild-linux-ppc64le": "0.14.25",
                "esbuild-linux-riscv64": "0.14.25",
                "esbuild-linux-s390x": "0.14.25",
                "esbuild-netbsd-64": "0.14.25",
                "esbuild-openbsd-64": "0.14.25",
                "esbuild-sunos-64": "0.14.25",
                "esbuild-windows-32": "0.14.25",
                "esbuild-windows-64": "0.14.25",
                "esbuild-windows-arm64": "0.14.25"
            }
        },
        "node_modules/esbuild-linux-64": {
            "version": "0.14.25",
            "cpu": [
                "x64"
            ],
            "license": "MIT",
            "optional": true,
            "os": [
                "linux"
            ],
            "engines": {
                "node": ">=12"
            }
        },
        "node_modules/fs-extra": {
            "version": "10.0.1",
            "license": "MIT",
            "dependencies": {
                "graceful-fs": "^4.2.0",
                "jsonfile": "^6.0.1",
                "universalify": "^2.0.0"
            },
            "engines": {
                "node": ">=12"
            }
        },
        "node_modules/graceful-fs": {
            "version": "4.2.11",
            "license": "ISC"
        },
        "node_modules/internetbase-sql": {
            "resolved": "../ibase_sql",
            "link": true
        },
        "node_modules/js-sha256": {
            "version": "0.9.0",
            "license": "MIT"
        },
        "node_modules/jsonfile": {
            "version": "6.1.0",
            "license": "MIT",
            "dependencies": {
                "universalify": "^2.0.0"
            },
            "optionalDependencies": {
                "graceful-fs": "^4.1.6"
            }
        },
        "node_modules/make-error": {
            "version": "1.3.6",
            "license": "ISC"
        },
        "node_modules/ts-node": {
            "version": "10.3.1",
            "license": "MIT",
            "dependencies": {
                "@cspotcode/source-map-support": "0.7.0",
                "@tsconfig/node10": "^1.0.7",
                "@tsconfig/node12": "^1.0.7",
                "@tsconfig/node14": "^1.0.0",
                "@tsconfig/node16": "^1.0.2",
                "acorn": "^8.4.1",
                "acorn-walk": "^8.1.1",
                "arg": "^4.1.0",
                "create-require": "^1.1.0",
                "diff": "^4.0.1",
                "make-error": "^1.1.1",
                "yn": "3.1.1"
            },
            "bin": {
                "ts-node": "dist/bin.js",
                "ts-node-cwd": "dist/bin-cwd.js",
                "ts-node-script": "dist/bin-script.js",
                "ts-node-transpile-only": "dist/bin-transpile.js",
                "ts-script": "dist/bin-script-deprecated.js"
            },
            "peerDependencies": {
                "@swc/core": ">=1.2.50",
                "@swc/wasm": ">=1.2.50",
                "@types/node": "*",
                "typescript": ">=2.7"
            },
            "peerDependenciesMeta": {
                "@swc/core": {
                    "optional": true
                },
                "@swc/wasm": {
                    "optional": true
                }
            }
        },
        "node_modules/typescript": {
            "version": "4.4.4",
            "license": "Apache-2.0",
            "bin": {
                "tsc": "bin/tsc",
                "tsserver": "bin/tsserver"
            },
            "engines": {
                "node": ">=4.2.0"
            }
        },
        "node_modules/universalify": {
            "version": "2.0.0",
            "license": "MIT",
            "engines": {
                "node": ">= 10.0.0"
            }
        },
        "node_modules/yn": {
            "version": "3.1.1",
            "license": "MIT",
            "engines": {
                "node": ">=6"
            }
        }
    },
    "dependencies": {
        "@cspotcode/source-map-consumer": {
            "version": "0.8.0"
        },
        "@cspotcode/source-map-support": {
            "version": "0.7.0",
            "requires": {
                "@cspotcode/source-map-consumer": "0.8.0"
            }
        },
        "@dfinity/principal": {
            "version": "0.11.2"
        },
        "@swc/core": {
            "version": "1.2.151",
            "requires": {
                "@swc/core-android-arm-eabi": "1.2.151",
                "@swc/core-android-arm64": "1.2.151",
                "@swc/core-darwin-arm64": "1.2.151",
                "@swc/core-darwin-x64": "1.2.151",
                "@swc/core-freebsd-x64": "1.2.151",
                "@swc/core-linux-arm-gnueabihf": "1.2.151",
                "@swc/core-linux-arm64-gnu": "1.2.151",
                "@swc/core-linux-arm64-musl": "1.2.151",
                "@swc/core-linux-x64-gnu": "1.2.151",
                "@swc/core-linux-x64-musl": "1.2.151",
                "@swc/core-win32-arm64-msvc": "1.2.151",
                "@swc/core-win32-ia32-msvc": "1.2.151",
                "@swc/core-win32-x64-msvc": "1.2.151"
            }
        },
        "@swc/core-linux-x64-gnu": {
            "version": "1.2.151",
            "optional": true
        },
        "@swc/core-linux-x64-musl": {
            "version": "1.2.151",
            "optional": true
        },
        "@tsconfig/node10": {
            "version": "1.0.9"
        },
        "@tsconfig/node12": {
            "version": "1.0.11"
        },
        "@tsconfig/node14": {
            "version": "1.0.3"
        },
        "@tsconfig/node16": {
            "version": "1.0.3"
        },
        "@types/node": {
            "version": "18.15.11",
            "peer": true
        },
        "acorn": {
            "version": "8.8.2"
        },
        "acorn-walk": {
            "version": "8.2.0"
        },
        "arg": {
            "version": "4.1.3"
        },
        "azle": {
            "version": "0.16.0",
            "resolved": "https://registry.npmjs.org/azle/-/azle-0.16.0.tgz",
            "integrity": "sha512-uJyNVuVULr8g8lFUEEix61iXYNlK40n1O3+noXkOyo/S2SMzEQMI7PSGSdBBbKJOzijvsV4dOfe+v+tgzOvnJQ==",
            "requires": {
                "@dfinity/principal": "0.11.2",
                "@swc/core": "1.2.151",
                "azle-syn": "0.0.0",
                "esbuild": "0.14.25",
                "fs-extra": "10.0.1",
                "js-sha256": "0.9.0",
                "ts-node": "10.3.1",
                "typescript": "4.4.4"
            }
        },
        "azle-syn": {
            "version": "0.0.0"
        },
        "create-require": {
            "version": "1.1.1"
        },
        "diff": {
            "version": "4.0.2"
        },
        "esbuild": {
            "version": "0.14.25",
            "requires": {
                "esbuild-android-64": "0.14.25",
                "esbuild-android-arm64": "0.14.25",
                "esbuild-darwin-64": "0.14.25",
                "esbuild-darwin-arm64": "0.14.25",
                "esbuild-freebsd-64": "0.14.25",
                "esbuild-freebsd-arm64": "0.14.25",
                "esbuild-linux-32": "0.14.25",
                "esbuild-linux-64": "0.14.25",
                "esbuild-linux-arm": "0.14.25",
                "esbuild-linux-arm64": "0.14.25",
                "esbuild-linux-mips64le": "0.14.25",
                "esbuild-linux-ppc64le": "0.14.25",
                "esbuild-linux-riscv64": "0.14.25",
                "esbuild-linux-s390x": "0.14.25",
                "esbuild-netbsd-64": "0.14.25",
                "esbuild-openbsd-64": "0.14.25",
                "esbuild-sunos-64": "0.14.25",
                "esbuild-windows-32": "0.14.25",
                "esbuild-windows-64": "0.14.25",
                "esbuild-windows-arm64": "0.14.25"
            }
        },
        "esbuild-linux-64": {
            "version": "0.14.25",
            "optional": true
        },
        "fs-extra": {
            "version": "10.0.1",
            "requires": {
                "graceful-fs": "^4.2.0",
                "jsonfile": "^6.0.1",
                "universalify": "^2.0.0"
            }
        },
        "graceful-fs": {
            "version": "4.2.11"
        },
        "internetbase-sql": {
            "version": "file:../ibase_sql",
            "requires": {},
            "dependencies": {
                "@cspotcode/source-map-consumer": {
                    "version": "0.8.0",
                    "peer": true
                },
                "@cspotcode/source-map-support": {
                    "version": "0.7.0",
                    "peer": true,
                    "requires": {
                        "@cspotcode/source-map-consumer": "0.8.0"
                    }
                },
                "@dfinity/principal": {
                    "version": "0.11.2",
                    "peer": true
                },
                "@swc/core": {
                    "version": "1.2.151",
                    "peer": true,
                    "requires": {
                        "@swc/core-android-arm-eabi": "1.2.151",
                        "@swc/core-android-arm64": "1.2.151",
                        "@swc/core-darwin-arm64": "1.2.151",
                        "@swc/core-darwin-x64": "1.2.151",
                        "@swc/core-freebsd-x64": "1.2.151",
                        "@swc/core-linux-arm-gnueabihf": "1.2.151",
                        "@swc/core-linux-arm64-gnu": "1.2.151",
                        "@swc/core-linux-arm64-musl": "1.2.151",
                        "@swc/core-linux-x64-gnu": "1.2.151",
                        "@swc/core-linux-x64-musl": "1.2.151",
                        "@swc/core-win32-arm64-msvc": "1.2.151",
                        "@swc/core-win32-ia32-msvc": "1.2.151",
                        "@swc/core-win32-x64-msvc": "1.2.151"
                    }
                },
                "@swc/core-linux-x64-gnu": {
                    "version": "1.2.151",
                    "optional": true,
                    "peer": true
                },
                "@swc/core-linux-x64-musl": {
                    "version": "1.2.151",
                    "optional": true,
                    "peer": true
                },
                "@tsconfig/node10": {
                    "version": "1.0.9",
                    "peer": true
                },
                "@tsconfig/node12": {
                    "version": "1.0.11",
                    "peer": true
                },
                "@tsconfig/node14": {
                    "version": "1.0.3",
                    "peer": true
                },
                "@tsconfig/node16": {
                    "version": "1.0.3",
                    "peer": true
                },
                "@types/node": {
                    "version": "18.16.0",
                    "peer": true
                },
                "acorn": {
                    "version": "8.8.2",
                    "peer": true
                },
                "acorn-walk": {
                    "version": "8.2.0",
                    "peer": true
                },
                "arg": {
                    "version": "4.1.3",
                    "peer": true
                },
                "azle": {
                    "version": "0.16.0-rc.0",
                    "peer": true,
                    "requires": {
                        "@dfinity/principal": "0.11.2",
                        "@swc/core": "1.2.151",
                        "azle-syn": "0.0.0",
                        "esbuild": "0.14.25",
                        "fs-extra": "10.0.1",
                        "js-sha256": "0.9.0",
                        "ts-node": "10.3.1",
                        "typescript": "4.4.4"
                    }
                },
                "azle-syn": {
                    "version": "0.0.0",
                    "peer": true
                },
                "create-require": {
                    "version": "1.1.1",
                    "peer": true
                },
                "diff": {
                    "version": "4.0.2",
                    "peer": true
                },
                "esbuild": {
                    "version": "0.14.25",
                    "peer": true,
                    "requires": {
                        "esbuild-android-64": "0.14.25",
                        "esbuild-android-arm64": "0.14.25",
                        "esbuild-darwin-64": "0.14.25",
                        "esbuild-darwin-arm64": "0.14.25",
                        "esbuild-freebsd-64": "0.14.25",
                        "esbuild-freebsd-arm64": "0.14.25",
                        "esbuild-linux-32": "0.14.25",
                        "esbuild-linux-64": "0.14.25",
                        "esbuild-linux-arm": "0.14.25",
                        "esbuild-linux-arm64": "0.14.25",
                        "esbuild-linux-mips64le": "0.14.25",
                        "esbuild-linux-ppc64le": "0.14.25",
                        "esbuild-linux-riscv64": "0.14.25",
                        "esbuild-linux-s390x": "0.14.25",
                        "esbuild-netbsd-64": "0.14.25",
                        "esbuild-openbsd-64": "0.14.25",
                        "esbuild-sunos-64": "0.14.25",
                        "esbuild-windows-32": "0.14.25",
                        "esbuild-windows-64": "0.14.25",
                        "esbuild-windows-arm64": "0.14.25"
                    }
                },
                "esbuild-linux-64": {
                    "version": "0.14.25",
                    "optional": true,
                    "peer": true
                },
                "fs-extra": {
                    "version": "10.0.1",
                    "peer": true,
                    "requires": {
                        "graceful-fs": "^4.2.0",
                        "jsonfile": "^6.0.1",
                        "universalify": "^2.0.0"
                    }
                },
                "graceful-fs": {
                    "version": "4.2.11",
                    "peer": true
                },
                "js-sha256": {
                    "version": "0.9.0",
                    "peer": true
                },
                "jsonfile": {
                    "version": "6.1.0",
                    "peer": true,
                    "requires": {
                        "graceful-fs": "^4.1.6",
                        "universalify": "^2.0.0"
                    }
                },
                "make-error": {
                    "version": "1.3.6",
                    "peer": true
                },
                "ts-node": {
                    "version": "10.3.1",
                    "peer": true,
                    "requires": {
                        "@cspotcode/source-map-support": "0.7.0",
                        "@tsconfig/node10": "^1.0.7",
                        "@tsconfig/node12": "^1.0.7",
                        "@tsconfig/node14": "^1.0.0",
                        "@tsconfig/node16": "^1.0.2",
                        "acorn": "^8.4.1",
                        "acorn-walk": "^8.1.1",
                        "arg": "^4.1.0",
                        "create-require": "^1.1.0",
                        "diff": "^4.0.1",
                        "make-error": "^1.1.1",
                        "yn": "3.1.1"
                    }
                },
                "typescript": {
                    "version": "4.4.4",
                    "peer": true
                },
                "universalify": {
                    "version": "2.0.0",
                    "peer": true
                },
                "yn": {
                    "version": "3.1.1",
                    "peer": true
                }
            }
        },
        "js-sha256": {
            "version": "0.9.0"
        },
        "jsonfile": {
            "version": "6.1.0",
            "requires": {
                "graceful-fs": "^4.1.6",
                "universalify": "^2.0.0"
            }
        },
        "make-error": {
            "version": "1.3.6"
        },
        "ts-node": {
            "version": "10.3.1",
            "requires": {
                "@cspotcode/source-map-support": "0.7.0",
                "@tsconfig/node10": "^1.0.7",
                "@tsconfig/node12": "^1.0.7",
                "@tsconfig/node14": "^1.0.0",
                "@tsconfig/node16": "^1.0.2",
                "acorn": "^8.4.1",
                "acorn-walk": "^8.1.1",
                "arg": "^4.1.0",
                "create-require": "^1.1.0",
                "diff": "^4.0.1",
                "make-error": "^1.1.1",
                "yn": "3.1.1"
            }
        },
        "typescript": {
            "version": "4.4.4"
        },
        "universalify": {
            "version": "2.0.0"
        },
        "yn": {
            "version": "3.1.1"
        }
    }
}
